PODS:
  - JYJSWebSDK (1.0.4):
    - lottie-ios (~> 2.5.3)
    - SKJavaScriptBridge (~> 1.0.3)
    - SVProgressHUD
  - lottie-ios (2.5.3)
  - SKJavaScriptBridge (1.0.3)
  - SVProgressHUD (2.2.5)

DEPENDENCIES:
  - JYJSWebSDK (from `../`)

SPEC REPOS:
  trunk:
    - lottie-ios
    - SKJavaScriptBridge
    - SVProgressHUD

EXTERNAL SOURCES:
  JYJSWebSDK:
    :path: "../"

SPEC CHECKSUMS:
  JYJSWebSDK: b867c5229e79ac3e96978323332d18c5fda44552
  lottie-ios: a50d5c0160425cd4b01b852bb9578963e6d92d31
  SKJavaScriptBridge: 1485c4d7853615a71e55beb3fb662f63e54d0f30
  SVProgressHUD: 1428aafac632c1f86f62aa4243ec12008d7a51d6

PODFILE CHECKSUM: 5804dc367ae39c8f35529c1372f2d9091cae20e9

COCOAPODS: 1.11.3
